
Microsoft Visual Studio Solution File, Format Version 12.00
# Visual Studio Version 16
VisualStudioVersion = 16.0.28803.352
MinimumVisualStudioVersion = 10.0.40219.1
Project("{FAE04EC0-301F-11D3-BF4B-00C04F79EFBC}") = "L1", "L1\L1.csproj", "{F5996993-894A-4E37-8845-47DC794DCA25}"
EndProject
Global
	GlobalSection(SolutionConfigurationPlatforms) = preSolution
		Debug|Any CPU = Debug|Any CPU
		Release|Any CPU = Release|Any CPU
	EndGlobalSection
	GlobalSection(ProjectConfigurationPlatforms) = postSolution
		{F5996993-894A-4E37-8845-47DC794DCA25}.Debug|Any CPU.ActiveCfg = Debug|Any CPU
		{F5996993-894A-4E37-8845-47DC794DCA25}.Debug|Any CPU.Build.0 = Debug|Any CPU
		{F5996993-894A-4E37-8845-47DC794DCA25}.Release|Any CPU.ActiveCfg = Release|Any CPU
		{F5996993-894A-4E37-8845-47DC794DCA25}.Release|Any CPU.Build.0 = Release|Any CPU
	EndGlobalSection
	GlobalSection(SolutionProperties) = preSolution
		HideSolutionNode = FALSE
	EndGlobalSection
	GlobalSection(ExtensibilityGlobals) = postSolution
		SolutionGuid = {1DC81494-4F9B-4C96-ABF5-49441956B357}
	EndGlobalSection
EndGlobal
